Microsoft Visual Studio Solution File, Format Version 12.00
# Visual Studio Version 17
VisualStudioVersion = 17.5.2.0
MinimumVisualStudioVersion = 10.0.40219.1
Project("{FAE04EC0-301F-11D3-BF4B-00C04F79EFBC}") = "MultiChannelSalesSync", "MultiChannelSalesSync.csproj", "{DF3A2091-37B7-0039-794E-D4D1E3CB756A}"
EndProject
Global
	GlobalSection(SolutionConfigurationPlatforms) = preSolution
		Debug|Any CPU = Debug|Any CPU
		Release|Any CPU = Release|Any CPU
	EndGlobalSection
	GlobalSection(ProjectConfigurationPlatforms) = postSolution
		{DF3A2091-37B7-0039-794E-D4D1E3CB756A}.Debug|Any CPU.ActiveCfg = Debug|Any CPU
		{DF3A2091-37B7-0039-794E-D4D1E3CB756A}.Debug|Any CPU.Build.0 = Debug|Any CPU
		{DF3A2091-37B7-0039-794E-D4D1E3CB756A}.Release|Any CPU.ActiveCfg = Release|Any CPU
		{DF3A2091-37B7-0039-794E-D4D1E3CB756A}.Release|Any CPU.Build.0 = Release|Any CPU
	EndGlobalSection
	GlobalSection(SolutionProperties) = preSolution
		HideSolutionNode = FALSE
	EndGlobalSection
	GlobalSection(ExtensibilityGlobals) = postSolution
		SolutionGuid = {78B5F0A7-24D5-4051-85BB-1EA664A57FA9}
	EndGlobalSection
EndGlobal
